
Microsoft Visual Studio Solution File, Format Version 12.00
# Visual Studio Version 17
VisualStudioVersion = 17.7.34202.233
MinimumVisualStudioVersion = 10.0.40219.1
Project("{2150E333-8FDC-42A3-9474-1A3956D46DE8}") = "Gateway", "Gateway", "{F4B12F23-860C-473A-907A-B2A1BD70F3B4}"
EndProject
Project("{2150E333-8FDC-42A3-9474-1A3956D46DE8}") = "Services", "Services", "{5F751967-A500-4C9B-A437-2002BDD0CD5F}"
EndProject
Project("{9A19103F-16F7-4668-BE54-9A1E7A4F7556}") = "Gateway.API", "Gateway.API\Gateway.API.csproj", "{89554F7C-4850-4F2D-9A1D-BAB01890851F}"
EndProject
Project("{9A19103F-16F7-4668-BE54-9A1E7A4F7556}") = "Identity.API", "Users.API\Identity.API.csproj", "{28ABC0C2-4F33-4320-8A3F-B6926682994B}"
EndProject
Project("{9A19103F-16F7-4668-BE54-9A1E7A4F7556}") = "Reservations.API", "Reservations.API\Reservations.API.csproj", "{3A1CB5B2-21F5-474D-AFDB-F48ECCA30F16}"
EndProject
Project("{9A19103F-16F7-4668-BE54-9A1E7A4F7556}") = "Places.API", "Places.API\Places.API.csproj", "{B082564C-5A4C-4D90-8AAB-F6C4DE884FC5}"
EndProject
Project("{9A19103F-16F7-4668-BE54-9A1E7A4F7556}") = "SportingEvents.API", "SportingEvents.API\SportingEvents.API.csproj", "{5FCF01D6-89CD-4BEC-A469-41E85328AC13}"
EndProject
Project("{9A19103F-16F7-4668-BE54-9A1E7A4F7556}") = "TypesOfSportingEvents.API", "TypesOfSportingEvents.API\TypesOfSportingEvents.API.csproj", "{7CA456A2-DF51-4FE7-A3B1-357E127A5F2D}"
EndProject
Global
	GlobalSection(SolutionConfigurationPlatforms) = preSolution
		Debug|Any CPU = Debug|Any CPU
		Release|Any CPU = Release|Any CPU
	EndGlobalSection
	GlobalSection(ProjectConfigurationPlatforms) = postSolution
		{89554F7C-4850-4F2D-9A1D-BAB01890851F}.Debug|Any CPU.ActiveCfg = Debug|Any CPU
		{89554F7C-4850-4F2D-9A1D-BAB01890851F}.Debug|Any CPU.Build.0 = Debug|Any CPU
		{89554F7C-4850-4F2D-9A1D-BAB01890851F}.Release|Any CPU.ActiveCfg = Release|Any CPU
		{89554F7C-4850-4F2D-9A1D-BAB01890851F}.Release|Any CPU.Build.0 = Release|Any CPU
		{28ABC0C2-4F33-4320-8A3F-B6926682994B}.Debug|Any CPU.ActiveCfg = Debug|Any CPU
		{28ABC0C2-4F33-4320-8A3F-B6926682994B}.Debug|Any CPU.Build.0 = Debug|Any CPU
		{28ABC0C2-4F33-4320-8A3F-B6926682994B}.Release|Any CPU.ActiveCfg = Release|Any CPU
		{28ABC0C2-4F33-4320-8A3F-B6926682994B}.Release|Any CPU.Build.0 = Release|Any CPU
		{3A1CB5B2-21F5-474D-AFDB-F48ECCA30F16}.Debug|Any CPU.ActiveCfg = Debug|Any CPU
		{3A1CB5B2-21F5-474D-AFDB-F48ECCA30F16}.Debug|Any CPU.Build.0 = Debug|Any CPU
		{3A1CB5B2-21F5-474D-AFDB-F48ECCA30F16}.Release|Any CPU.ActiveCfg = Release|Any CPU
		{3A1CB5B2-21F5-474D-AFDB-F48ECCA30F16}.Release|Any CPU.Build.0 = Release|Any CPU
		{B082564C-5A4C-4D90-8AAB-F6C4DE884FC5}.Debug|Any CPU.ActiveCfg = Debug|Any CPU
		{B082564C-5A4C-4D90-8AAB-F6C4DE884FC5}.Debug|Any CPU.Build.0 = Debug|Any CPU
		{B082564C-5A4C-4D90-8AAB-F6C4DE884FC5}.Release|Any CPU.ActiveCfg = Release|Any CPU
		{B082564C-5A4C-4D90-8AAB-F6C4DE884FC5}.Release|Any CPU.Build.0 = Release|Any CPU
		{5FCF01D6-89CD-4BEC-A469-41E85328AC13}.Debug|Any CPU.ActiveCfg = Debug|Any CPU
		{5FCF01D6-89CD-4BEC-A469-41E85328AC13}.Debug|Any CPU.Build.0 = Debug|Any CPU
		{5FCF01D6-89CD-4BEC-A469-41E85328AC13}.Release|Any CPU.ActiveCfg = Release|Any CPU
		{5FCF01D6-89CD-4BEC-A469-41E85328AC13}.Release|Any CPU.Build.0 = Release|Any CPU
		{7CA456A2-DF51-4FE7-A3B1-357E127A5F2D}.Debug|Any CPU.ActiveCfg = Debug|Any CPU
		{7CA456A2-DF51-4FE7-A3B1-357E127A5F2D}.Debug|Any CPU.Build.0 = Debug|Any CPU
		{7CA456A2-DF51-4FE7-A3B1-357E127A5F2D}.Release|Any CPU.ActiveCfg = Release|Any CPU
		{7CA456A2-DF51-4FE7-A3B1-357E127A5F2D}.Release|Any CPU.Build.0 = Release|Any CPU
	EndGlobalSection
	GlobalSection(SolutionProperties) = preSolution
		HideSolutionNode = FALSE
	EndGlobalSection
	GlobalSection(NestedProjects) = preSolution
		{89554F7C-4850-4F2D-9A1D-BAB01890851F} = {F4B12F23-860C-473A-907A-B2A1BD70F3B4}
		{28ABC0C2-4F33-4320-8A3F-B6926682994B} = {5F751967-A500-4C9B-A437-2002BDD0CD5F}
		{3A1CB5B2-21F5-474D-AFDB-F48ECCA30F16} = {5F751967-A500-4C9B-A437-2002BDD0CD5F}
		{B082564C-5A4C-4D90-8AAB-F6C4DE884FC5} = {5F751967-A500-4C9B-A437-2002BDD0CD5F}
		{5FCF01D6-89CD-4BEC-A469-41E85328AC13} = {5F751967-A500-4C9B-A437-2002BDD0CD5F}
		{7CA456A2-DF51-4FE7-A3B1-357E127A5F2D} = {5F751967-A500-4C9B-A437-2002BDD0CD5F}
	EndGlobalSection
	GlobalSection(ExtensibilityGlobals) = postSolution
		SolutionGuid = {C59EE976-A78A-4DC1-8F58-BAD81C09491F}
	EndGlobalSection
EndGlobal
